
Microsoft Visual Studio Solution File, Format Version 12.00
# Visual Studio Version 16
VisualStudioVersion = 16.0.29326.143
MinimumVisualStudioVersion = 10.0.40219.1
Project("{9A19103F-16F7-4668-BE54-9A1E7A4F7556}") = "GoodsStore", "GoodsStore.csproj", "{6B317897-9891-4E74-81AE-9588751FCB78}"
EndProject
Project("{2150E333-8FDC-42A3-9474-1A3956D46DE8}") = "Solution Items", "Solution Items", "{E5D31821-F6FB-4009-BE8E-AC35B0C53B5A}"
	ProjectSection(SolutionItems) = preProject
		.editorconfig = .editorconfig
	EndProjectSection
EndProject
Project("{FAE04EC0-301F-11D3-BF4B-00C04F79EFBC}") = "Testing", "..\Testing\Testing.csproj", "{58F4E74B-10A0-4BA7-813A-B909E9242E58}"
EndProject
Global
	GlobalSection(SolutionConfigurationPlatforms) = preSolution
		Debug|Any CPU = Debug|Any CPU
		Release|Any CPU = Release|Any CPU
	EndGlobalSection
	GlobalSection(ProjectConfigurationPlatforms) = postSolution
		{6B317897-9891-4E74-81AE-9588751FCB78}.Debug|Any CPU.ActiveCfg = Debug|Any CPU
		{6B317897-9891-4E74-81AE-9588751FCB78}.Debug|Any CPU.Build.0 = Debug|Any CPU
		{6B317897-9891-4E74-81AE-9588751FCB78}.Release|Any CPU.ActiveCfg = Release|Any CPU
		{6B317897-9891-4E74-81AE-9588751FCB78}.Release|Any CPU.Build.0 = Release|Any CPU
		{58F4E74B-10A0-4BA7-813A-B909E9242E58}.Debug|Any CPU.ActiveCfg = Debug|Any CPU
		{58F4E74B-10A0-4BA7-813A-B909E9242E58}.Debug|Any CPU.Build.0 = Debug|Any CPU
		{58F4E74B-10A0-4BA7-813A-B909E9242E58}.Release|Any CPU.ActiveCfg = Release|Any CPU
		{58F4E74B-10A0-4BA7-813A-B909E9242E58}.Release|Any CPU.Build.0 = Release|Any CPU
	EndGlobalSection
	GlobalSection(SolutionProperties) = preSolution
		HideSolutionNode = FALSE
	EndGlobalSection
	GlobalSection(ExtensibilityGlobals) = postSolution
		SolutionGuid = {9620A3F4-74A8-491B-8E37-92844C777D7D}
	EndGlobalSection
EndGlobal
