
Microsoft Visual Studio Solution File, Format Version 12.00
# Visual Studio Version 16
VisualStudioVersion = 16.0.29728.190
MinimumVisualStudioVersion = 10.0.40219.1
Project("{9A19103F-16F7-4668-BE54-9A1E7A4F7556}") = "GoodsStore", "GoodsStore\GoodsStore.csproj", "{A707C544-0F21-4510-8849-D382449149AD}"
EndProject
Project("{FAE04EC0-301F-11D3-BF4B-00C04F79EFBC}") = "GoodsStoreTests", "GoodsStoreTests\GoodsStoreTests.csproj", "{C2D84FEA-66BF-4588-A358-11FFD3BE1CC3}"
EndProject
Global
	GlobalSection(SolutionConfigurationPlatforms) = preSolution
		Debug|Any CPU = Debug|Any CPU
		Release|Any CPU = Release|Any CPU
	EndGlobalSection
	GlobalSection(ProjectConfigurationPlatforms) = postSolution
		{A707C544-0F21-4510-8849-D382449149AD}.Debug|Any CPU.ActiveCfg = Debug|Any CPU
		{A707C544-0F21-4510-8849-D382449149AD}.Debug|Any CPU.Build.0 = Debug|Any CPU
		{A707C544-0F21-4510-8849-D382449149AD}.Release|Any CPU.ActiveCfg = Release|Any CPU
		{A707C544-0F21-4510-8849-D382449149AD}.Release|Any CPU.Build.0 = Release|Any CPU
		{C2D84FEA-66BF-4588-A358-11FFD3BE1CC3}.Debug|Any CPU.ActiveCfg = Debug|Any CPU
		{C2D84FEA-66BF-4588-A358-11FFD3BE1CC3}.Debug|Any CPU.Build.0 = Debug|Any CPU
		{C2D84FEA-66BF-4588-A358-11FFD3BE1CC3}.Release|Any CPU.ActiveCfg = Release|Any CPU
		{C2D84FEA-66BF-4588-A358-11FFD3BE1CC3}.Release|Any CPU.Build.0 = Release|Any CPU
	EndGlobalSection
	GlobalSection(SolutionProperties) = preSolution
		HideSolutionNode = FALSE
	EndGlobalSection
	GlobalSection(ExtensibilityGlobals) = postSolution
		SolutionGuid = {438B9EA2-4549-4DDE-919F-D9BA2D1AEBC7}
	EndGlobalSection
EndGlobal
